github.com/Amatsagu/Tempest v1.1.36-0.20231224135111-b64d29eedf86 h1:BIcNeFsva7vC39PKPr7zrEWjBKnBrwyn1rr7IIN5M9A=
github.com/Amatsagu/Tempest v1.1.36-0.20231224135111-b64d29eedf86/go.mod h1:nKYECgmXvrjmlTMpG6YM++MTjQHpPlkPXzKzQ/Wn5B0=
github.com/joho/godotenv v1.5.1 h1:7eLL/+HRGLY0ldzfGMeQkb7vMd0as4CfYvUVzLqw0N0=
github.com/joho/godotenv v1.5.1/go.mod h1:f4LDr5Voq0i2e/R5DDNOoa2zzDfwtkZa6DnEwAbqwq4=
