github.com/Amatsagu/Tempest v1.1.3-0.20231126185305-144c4c0bd2bc h1:miDwU9LpbRwOa9paOt03FJ1ABarbFM+sTEdKbRW3FPE=
github.com/Amatsagu/Tempest v1.1.3-0.20231126185305-144c4c0bd2bc/go.mod h1:5gZ7qFu2PPqXAk2GpfHcnZ/HTGftlSXc6yWDibnmAvc=
github.com/joho/godotenv v1.5.1 h1:7eLL/+HRGLY0ldzfGMeQkb7vMd0as4CfYvUVzLqw0N0=
github.com/joho/godotenv v1.5.1/go.mod h1:f4LDr5Voq0i2e/R5DDNOoa2zzDfwtkZa6DnEwAbqwq4=
