github.com/coder/websocket v1.8.13 h1:f3QZdXy7uGVz+4uCJy2nTZyM0yTBj8yANEHhqlXZ9FE=
github.com/coder/websocket v1.8.13/go.mod h1:LNVeNrXQZfe5qhS9ALED3uA+l5pPqvwXg3CKoDBB2gs=
github.com/gobwas/httphead v0.1.0 h1:exrUm0f4YX0L7EBwZHuCF4GDp8aJfVeBrlLQrs6NqWU=
github.com/gobwas/httphead v0.1.0/go.mod h1:O/RXo79gxV8G+RqlR/otEwx4Q36zl9rqC5u12GKvMCM=
github.com/gobwas/pool v0.2.1 h1:xfeeEhW7pwmX8nuLVlqbzVc7udMDrwetjEv+TZIz1og=
github.com/gobwas/pool v0.2.1/go.mod h1:q8bcK0KcYlCgd9e7WYLm9LpyS+YeLd8JVDW6WezmKEw=
github.com/gobwas/ws v1.4.0 h1:CTaoG1tojrh4ucGPcoJFiAQUAsEWekEWvLy7GsVNqGs=
github.com/gobwas/ws v1.4.0/go.mod h1:G3gNqMNtPppf5XUz7O4shetPpcZ1VJ7zt18dlUeakrc=
golang.org/x/sys v0.6.0/go.mod h1:oPkhp1MJrh7nUepCBck5+mAzfO9JrbApNNgaTdGDITg=
